
Microsoft Visual Studio Solution File, Format Version 12.00
# Visual Studio Version 17
VisualStudioVersion = 17.9.34723.18
MinimumVisualStudioVersion = 10.0.40219.1
Project("{FAE04EC0-301F-11D3-BF4B-00C04F79EFBC}") = "AppCheckin.Android", "AppCheckin\AppCheckin.Android\AppCheckin.Android.csproj", "{FB7E3A03-81B7-4A9A-A1EA-AD3D34D6C3F5}"
EndProject
Project("{FAE04EC0-301F-11D3-BF4B-00C04F79EFBC}") = "AppCheckin", "AppCheckin\AppCheckin\AppCheckin.csproj", "{F1A018DB-2AA2-4731-9792-43076047C1E1}"
EndProject
Global
	GlobalSection(SolutionConfigurationPlatforms) = preSolution
		Debug|Any CPU = Debug|Any CPU
		Release|Any CPU = Release|Any CPU
	EndGlobalSection
	GlobalSection(ProjectConfigurationPlatforms) = postSolution
		{FB7E3A03-81B7-4A9A-A1EA-AD3D34D6C3F5}.Debug|Any CPU.ActiveCfg = Debug|Any CPU
		{FB7E3A03-81B7-4A9A-A1EA-AD3D34D6C3F5}.Debug|Any CPU.Build.0 = Debug|Any CPU
		{FB7E3A03-81B7-4A9A-A1EA-AD3D34D6C3F5}.Debug|Any CPU.Deploy.0 = Debug|Any CPU
		{FB7E3A03-81B7-4A9A-A1EA-AD3D34D6C3F5}.Release|Any CPU.ActiveCfg = Release|Any CPU
		{FB7E3A03-81B7-4A9A-A1EA-AD3D34D6C3F5}.Release|Any CPU.Build.0 = Release|Any CPU
		{FB7E3A03-81B7-4A9A-A1EA-AD3D34D6C3F5}.Release|Any CPU.Deploy.0 = Release|Any CPU
		{F1A018DB-2AA2-4731-9792-43076047C1E1}.Debug|Any CPU.ActiveCfg = Debug|Any CPU
		{F1A018DB-2AA2-4731-9792-43076047C1E1}.Debug|Any CPU.Build.0 = Debug|Any CPU
		{F1A018DB-2AA2-4731-9792-43076047C1E1}.Debug|Any CPU.Deploy.0 = Debug|Any CPU
		{F1A018DB-2AA2-4731-9792-43076047C1E1}.Release|Any CPU.ActiveCfg = Release|Any CPU
		{F1A018DB-2AA2-4731-9792-43076047C1E1}.Release|Any CPU.Build.0 = Release|Any CPU
		{F1A018DB-2AA2-4731-9792-43076047C1E1}.Release|Any CPU.Deploy.0 = Release|Any CPU
	EndGlobalSection
	GlobalSection(SolutionProperties) = preSolution
		HideSolutionNode = FALSE
	EndGlobalSection
	GlobalSection(ExtensibilityGlobals) = postSolution
		SolutionGuid = {BC8BEA1C-55A9-41CF-86BC-FF5AF68A7B26}
	EndGlobalSection
EndGlobal
